// !$*UTF8*$!
{
	archiveVersion = 1;
	classes = {
	};
	objectVersion = 55;
	objects = {

/* Begin PBXBuildFile section */
		8AA10B8628ABBFA700CDC0BD /* AppDelegate.swift in Sources */ = {isa = PBXBuildFile; fileRef = 8AA10B8528ABBFA700CDC0BD /* AppDelegate.swift */; };
		8AA10B8828ABBFA700CDC0BD /* SceneDelegate.swift in Sources */ = {isa = PBXBuildFile; fileRef = 8AA10B8728ABBFA700CDC0BD /* SceneDelegate.swift */; };
		8AA10B8A28ABBFA700CDC0BD /* WeatherViewController.swift in Sources */ = {isa = PBXBuildFile; fileRef = 8AA10B8928ABBFA700CDC0BD /* WeatherViewController.swift */; };
		8AA10B8D28ABBFA700CDC0BD /* Main.storyboard in Resources */ = {isa = PBXBuildFile; fileRef = 8AA10B8B28ABBFA700CDC0BD /* Main.storyboard */; };
		8AA10B8F28ABBFA900CDC0BD /* Assets.xcassets in Resources */ = {isa = PBXBuildFile; fileRef = 8AA10B8E28ABBFA900CDC0BD /* Assets.xcassets */; };
		8AA10B9228ABBFA900CDC0BD /* LaunchScreen.storyboard in Resources */ = {isa = PBXBuildFile; fileRef = 8AA10B9028ABBFA900CDC0BD /* LaunchScreen.storyboard */; };
		8AA10B9C28ABC03900CDC0BD /* WeatherManager.swift in Sources */ = {isa = PBXBuildFile; fileRef = 8AA10B9B28ABC03900CDC0BD /* WeatherManager.swift */; };
		8AA10B9F28ABC07300CDC0BD /* WeatherData.swift in Sources */ = {isa = PBXBuildFile; fileRef = 8AA10B9E28ABC07300CDC0BD /* WeatherData.swift */; };
		8AA10BA128ABC08E00CDC0BD /* WeatherModel.swift in Sources */ = {isa = PBXBuildFile; fileRef = 8AA10BA028ABC08E00CDC0BD /* WeatherModel.swift */; };
		8AA10BA328AC48B300CDC0BD /* Keys.swift in Sources */ = {isa = PBXBuildFile; fileRef = 8AA10BA228AC48B300CDC0BD /* Keys.swift */; };
/* End PBXBuildFile section */

/* Begin PBXFileReference section */
		8AA10B8228ABBFA700CDC0BD /* Clima.app */ = {isa = PBXFileReference; explicitFileType = wrapper.application; includeInIndex = 0; path = Clima.app; sourceTree = BUILT_PRODUCTS_DIR; };
		8AA10B8528ABBFA700CDC0BD /* AppDelegate.swift */ = {isa = PBXFileReference; lastKnownFileType = sourcecode.swift; path = AppDelegate.swift; sourceTree = "<group>"; };
		8AA10B8728ABBFA700CDC0BD /* SceneDelegate.swift */ = {isa = PBXFileReference; lastKnownFileType = sourcecode.swift; path = SceneDelegate.swift; sourceTree = "<group>"; };
		8AA10B8928ABBFA700CDC0BD /* WeatherViewController.swift */ = {isa = PBXFileReference; lastKnownFileType = sourcecode.swift; path = WeatherViewController.swift; sourceTree = "<group>"; };
		8AA10B8C28ABBFA700CDC0BD /* Base */ = {isa = PBXFileReference; lastKnownFileType = file.storyboard; name = Base; path = Base.lproj/Main.storyboard; sourceTree = "<group>"; };
		8AA10B8E28ABBFA900CDC0BD /* Assets.xcassets */ = {isa = PBXFileReference; lastKnownFileType = folder.assetcatalog; path = Assets.xcassets; sourceTree = "<group>"; };
		8AA10B9128ABBFA900CDC0BD /* Base */ = {isa = PBXFileReference; lastKnownFileType = file.storyboard; name = Base; path = Base.lproj/LaunchScreen.storyboard; sourceTree = "<group>"; };
		8AA10B9328ABBFA900CDC0BD /* Info.plist */ = {isa = PBXFileReference; lastKnownFileType = text.plist.xml; path = Info.plist; sourceTree = "<group>"; };
		8AA10B9B28ABC03900CDC0BD /* WeatherManager.swift */ = {isa = PBXFileReference; lastKnownFileType = sourcecode.swift; path = WeatherManager.swift; sourceTree = "<group>"; };
		8AA10B9E28ABC07300CDC0BD /* WeatherData.swift */ = {isa = PBXFileReference; lastKnownFileType = sourcecode.swift; path = WeatherData.swift; sourceTree = "<group>"; };
		8AA10BA028ABC08E00CDC0BD /* WeatherModel.swift */ = {isa = PBXFileReference; lastKnownFileType = sourcecode.swift; path = WeatherModel.swift; sourceTree = "<group>"; };
		8AA10BA228AC48B300CDC0BD /* Keys.swift */ = {isa = PBXFileReference; lastKnownFileType = sourcecode.swift; path = Keys.swift; sourceTree = "<group>"; };
/* End PBXFileReference section */

/* Begin PBXFrameworksBuildPhase section */
		8AA10B7F28ABBFA700CDC0BD /* Frameworks */ = {
			isa = PBXFrameworksBuildPhase;
			buildActionMask = 2147483647;
			files = (
			);
			runOnlyForDeploymentPostprocessing = 0;
		};
/* End PBXFrameworksBuildPhase section */

/* Begin PBXGroup section */
		8AA10B7928ABBFA700CDC0BD = {
			isa = PBXGroup;
			children = (
				8AA10B8428ABBFA700CDC0BD /* Clima */,
				8AA10B8328ABBFA700CDC0BD /* Products */,
			);
			sourceTree = "<group>";
		};
		8AA10B8328ABBFA700CDC0BD /* Products */ = {
			isa = PBXGroup;
			children = (
				8AA10B8228ABBFA700CDC0BD /* Clima.app */,
			);
			name = Products;
			sourceTree = "<group>";
		};
		8AA10B8428ABBFA700CDC0BD /* Clima */ = {
			isa = PBXGroup;
			children = (
				8AA10B8528ABBFA700CDC0BD /* AppDelegate.swift */,
				8AA10B8728ABBFA700CDC0BD /* SceneDelegate.swift */,
				8AA10B9D28ABC04200CDC0BD /* Model */,
				8AA10B9A28ABC01400CDC0BD /* View */,
				8AA10B9928ABBFD800CDC0BD /* Controller */,
				8AA10B8E28ABBFA900CDC0BD /* Assets.xcassets */,
				8AA10B9028ABBFA900CDC0BD /* LaunchScreen.storyboard */,
				8AA10B9328ABBFA900CDC0BD /* Info.plist */,
			);
			path = Clima;
			sourceTree = "<group>";
		};
		8AA10B9928ABBFD800CDC0BD /* Controller */ = {
			isa = PBXGroup;
			children = (
				8AA10B8928ABBFA700CDC0BD /* WeatherViewController.swift */,
			);
			path = Controller;
			sourceTree = "<group>";
		};
		8AA10B9A28ABC01400CDC0BD /* View */ = {
			isa = PBXGroup;
			children = (
				8AA10B8B28ABBFA700CDC0BD /* Main.storyboard */,
			);
			path = View;
			sourceTree = "<group>";
		};
		8AA10B9D28ABC04200CDC0BD /* Model */ = {
			isa = PBXGroup;
			children = (
				8AA10B9B28ABC03900CDC0BD /* WeatherManager.swift */,
				8AA10B9E28ABC07300CDC0BD /* WeatherData.swift */,
				8AA10BA028ABC08E00CDC0BD /* WeatherModel.swift */,
				8AA10BA228AC48B300CDC0BD /* Keys.swift */,
			);
			path = Model;
			sourceTree = "<group>";
		};
/* End PBXGroup section */

/* Begin PBXNativeTarget section */
		8AA10B8128ABBFA700CDC0BD /* Clima */ = {
			isa = PBXNativeTarget;
			buildConfigurationList = 8AA10B9628ABBFA900CDC0BD /* Build configuration list for PBXNativeTarget "Clima" */;
			buildPhases = (
				8AA10B7E28ABBFA700CDC0BD /* Sources */,
				8AA10B7F28ABBFA700CDC0BD /* Frameworks */,
				8AA10B8028ABBFA700CDC0BD /* Resources */,
			);
			buildRules = (
			);
			dependencies = (
			);
			name = Clima;
			productName = Clima;
			productReference = 8AA10B8228ABBFA700CDC0BD /* Clima.app */;
			productType = "com.apple.product-type.application";
		};
/* End PBXNativeTarget section */

/* Begin PBXProject section */
		8AA10B7A28ABBFA700CDC0BD /* Project object */ = {
			isa = PBXProject;
			attributes = {
				BuildIndependentTargetsInParallel = 1;
				LastSwiftUpdateCheck = 1340;
				LastUpgradeCheck = 1340;
				TargetAttributes = {
					8AA10B8128ABBFA700CDC0BD = {
						CreatedOnToolsVersion = 13.4.1;
					};
				};
			};
			buildConfigurationList = 8AA10B7D28ABBFA700CDC0BD /* Build configuration list for PBXProject "Clima" */;
			compatibilityVersion = "Xcode 13.0";
			developmentRegion = en;
			hasScannedForEncodings = 0;
			knownRegions = (
				en,
				Base,
			);
			mainGroup = 8AA10B7928ABBFA700CDC0BD;
			productRefGroup = 8AA10B8328ABBFA700CDC0BD /* Products */;
			projectDirPath = "";
			projectRoot = "";
			targets = (
				8AA10B8128ABBFA700CDC0BD /* Clima */,
			);
		};
/* End PBXProject section */

/* Begin PBXResourcesBuildPhase section */
		8AA10B8028ABBFA700CDC0BD /* Resources */ = {
			isa = PBXResourcesBuildPhase;
			buildActionMask = 2147483647;
			files = (
				8AA10B9228ABBFA900CDC0BD /* LaunchScreen.storyboard in Resources */,
				8AA10B8F28ABBFA900CDC0BD /* Assets.xcassets in Resources */,
				8AA10B8D28ABBFA700CDC0BD /* Main.storyboard in Resources */,
			);
			runOnlyForDeploymentPostprocessing = 0;
		};
/* End PBXResourcesBuildPhase section */

/* Begin PBXSourcesBuildPhase section */
		8AA10B7E28ABBFA700CDC0BD /* Sources */ = {
			isa = PBXSourcesBuildPhase;
			buildActionMask = 2147483647;
			files = (
				8AA10B8A28ABBFA700CDC0BD /* WeatherViewController.swift in Sources */,
				8AA10B9F28ABC07300CDC0BD /* WeatherData.swift in Sources */,
				8AA10B8628ABBFA700CDC0BD /* AppDelegate.swift in Sources */,
				8AA10B9C28ABC03900CDC0BD /* WeatherManager.swift in Sources */,
				8AA10BA328AC48B300CDC0BD /* Keys.swift in Sources */,
				8AA10BA128ABC08E00CDC0BD /* WeatherModel.swift in Sources */,
				8AA10B8828ABBFA700CDC0BD /* SceneDelegate.swift in Sources */,
			);
			runOnlyForDeploymentPostprocessing = 0;
		};
/* End PBXSourcesBuildPhase section */

/* Begin PBXVariantGroup section */
		8AA10B8B28ABBFA700CDC0BD /* Main.storyboard */ = {
			isa = PBXVariantGroup;
			children = (
				8AA10B8C28ABBFA700CDC0BD /* Base */,
			);
			name = Main.storyboard;
			sourceTree = "<group>";
		};
		8AA10B9028ABBFA900CDC0BD /* LaunchScreen.storyboard */ = {
			isa = PBXVariantGroup;
			children = (
				8AA10B9128ABBFA900CDC0BD /* Base */,
			);
			name = LaunchScreen.storyboard;
			sourceTree = "<group>";
		};
/* End PBXVariantGroup section */

/* Begin XCBuildConfiguration section */
		8AA10B9428ABBFA900CDC0BD /* Debug */ = {
			isa = XCBuildConfiguration;
			buildSettings = {
				ALWAYS_SEARCH_USER_PATHS = NO;
				CLANG_ANALYZER_NONNULL = YES;
				CLANG_ANALYZER_NUMBER_OBJECT_CONVERSION = YES_AGGRESSIVE;
				CLANG_CXX_LANGUAGE_STANDARD = "gnu++17";
				CLANG_ENABLE_MODULES = YES;
				CLANG_ENABLE_OBJC_ARC = YES;
				CLANG_ENABLE_OBJC_WEAK = YES;
				CLANG_WARN_BLOCK_CAPTURE_AUTORELEASING = YES;
				CLANG_WARN_BOOL_CONVERSION = YES;
				CLANG_WARN_COMMA = YES;
				CLANG_WARN_CONSTANT_CONVERSION = YES;
				CLANG_WARN_DEPRECATED_OBJC_IMPLEMENTATIONS = YES;
				CLANG_WARN_DIRECT_OBJC_ISA_USAGE = YES_ERROR;
				CLANG_WARN_DOCUMENTATION_COMMENTS = YES;
				CLANG_WARN_EMPTY_BODY = YES;
				CLANG_WARN_ENUM_CONVERSION = YES;
				CLANG_WARN_INFINITE_RECURSION = YES;
				CLANG_WARN_INT_CONVERSION = YES;
				CLANG_WARN_NON_LITERAL_NULL_CONVERSION = YES;
				CLANG_WARN_OBJC_IMPLICIT_RETAIN_SELF = YES;
				CLANG_WARN_OBJC_LITERAL_CONVERSION = YES;
				CLANG_WARN_OBJC_ROOT_CLASS = YES_ERROR;
				CLANG_WARN_QUOTED_INCLUDE_IN_FRAMEWORK_HEADER = YES;
				CLANG_WARN_RANGE_LOOP_ANALYSIS = YES;
				CLANG_WARN_STRICT_PROTOTYPES = YES;
				CLANG_WARN_SUSPICIOUS_MOVE = YES;
				CLANG_WARN_UNGUARDED_AVAILABILITY = YES_AGGRESSIVE;
				CLANG_WARN_UNREACHABLE_CODE = YES;
				CLANG_WARN__DUPLICATE_METHOD_MATCH = YES;
				COPY_PHASE_STRIP = NO;
				DEBUG_INFORMATION_FORMAT = dwarf;
				ENABLE_STRICT_OBJC_MSGSEND = YES;
				ENABLE_TESTABILITY = YES;
				GCC_C_LANGUAGE_STANDARD = gnu11;
				GCC_DYNAMIC_NO_PIC = NO;
				GCC_NO_COMMON_BLOCKS = YES;
				GCC_OPTIMIZATION_LEVEL = 0;
				GCC_PREPROCESSOR_DEFINITIONS = (
					"DEBUG=1",
					"$(inherited)",
				);
				GCC_WARN_64_TO_32_BIT_CONVERSION = YES;
				GCC_WARN_ABOUT_RETURN_TYPE = YES_ERROR;
				GCC_WARN_UNDECLARED_SELECTOR = YES;
				GCC_WARN_UNINITIALIZED_AUTOS = YES_AGGRESSIVE;
				GCC_WARN_UNUSED_FUNCTION = YES;
				GCC_WARN_UNUSED_VARIABLE = YES;
				IPHONEOS_DEPLOYMENT_TARGET = 15.5;
				MTL_ENABLE_DEBUG_INFO = INCLUDE_SOURCE;
				MTL_FAST_MATH = YES;
				ONLY_ACTIVE_ARCH = YES;
				SDKROOT = iphoneos;
				SWIFT_ACTIVE_COMPILATION_CONDITIONS = DEBUG;
				SWIFT_OPTIMIZATION_LEVEL = "-Onone";
			};
			name = Debug;
		};
		8AA10B9528ABBFA900CDC0BD /* Release */ = {
			isa = XCBuildConfiguration;
			buildSettings = {
				ALWAYS_SEARCH_USER_PATHS = NO;
				CLANG_ANALYZER_NONNULL = YES;
				CLANG_ANALYZER_NUMBER_OBJECT_CONVERSION = YES_AGGRESSIVE;
				CLANG_CXX_LANGUAGE_STANDARD = "gnu++17";
				CLANG_ENABLE_MODULES = YES;
				CLANG_ENABLE_OBJC_ARC = YES;
				CLANG_ENABLE_OBJC_WEAK = YES;
				CLANG_WARN_BLOCK_CAPTURE_AUTORELEASING = YES;
				CLANG_WARN_BOOL_CONVERSION = YES;
				CLANG_WARN_COMMA = YES;
				CLANG_WARN_CONSTANT_CONVERSION = YES;
				CLANG_WARN_DEPRECATED_OBJC_IMPLEMENTATIONS = YES;
				CLANG_WARN_DIRECT_OBJC_ISA_USAGE = YES_ERROR;
				CLANG_WARN_DOCUMENTATION_COMMENTS = YES;
				CLANG_WARN_EMPTY_BODY = YES;
				CLANG_WARN_ENUM_CONVERSION = YES;
				CLANG_WARN_INFINITE_RECURSION = YES;
				CLANG_WARN_INT_CONVERSION = YES;
				CLANG_WARN_NON_LITERAL_NULL_CONVERSION = YES;
				CLANG_WARN_OBJC_IMPLICIT_RETAIN_SELF = YES;
				CLANG_WARN_OBJC_LITERAL_CONVERSION = YES;
				CLANG_WARN_OBJC_ROOT_CLASS = YES_ERROR;
				CLANG_WARN_QUOTED_INCLUDE_IN_FRAMEWORK_HEADER = YES;
				CLANG_WARN_RANGE_LOOP_ANALYSIS = YES;
				CLANG_WARN_STRICT_PROTOTYPES = YES;
				CLANG_WARN_SUSPICIOUS_MOVE = YES;
				CLANG_WARN_UNGUARDED_AVAILABILITY = YES_AGGRESSIVE;
				CLANG_WARN_UNREACHABLE_CODE = YES;
				CLANG_WARN__DUPLICATE_METHOD_MATCH = YES;
				COPY_PHASE_STRIP = NO;
				DEBUG_INFORMATION_FORMAT = "dwarf-with-dsym";
				ENABLE_NS_ASSERTIONS = NO;
				ENABLE_STRICT_OBJC_MSGSEND = YES;
				GCC_C_LANGUAGE_STANDARD = gnu11;
				GCC_NO_COMMON_BLOCKS = YES;
				GCC_WARN_64_TO_32_BIT_CONVERSION = YES;
				GCC_WARN_ABOUT_RETURN_TYPE = YES_ERROR;
				GCC_WARN_UNDECLARED_SELECTOR = YES;
				GCC_WARN_UNINITIALIZED_AUTOS = YES_AGGRESSIVE;
				GCC_WARN_UNUSED_FUNCTION = YES;
				GCC_WARN_UNUSED_VARIABLE = YES;
				IPHONEOS_DEPLOYMENT_TARGET = 15.5;
				MTL_ENABLE_DEBUG_INFO = NO;
				MTL_FAST_MATH = YES;
				SDKROOT = iphoneos;
				SWIFT_COMPILATION_MODE = wholemodule;
				SWIFT_OPTIMIZATION_LEVEL = "-O";
				VALIDATE_PRODUCT = YES;
			};
			name = Release;
		};
		8AA10B9728ABBFA900CDC0BD /* Debug */ = {
			isa = XCBuildConfiguration;
			buildSettings = {
				ASSETCATALOG_COMPILER_APPICON_NAME = AppIcon;
				ASSETCATALOG_COMPILER_GLOBAL_ACCENT_COLOR_NAME = AccentColor;
				CODE_SIGN_STYLE = Automatic;
				CURRENT_PROJECT_VERSION = 1;
				DEVELOPMENT_TEAM = 32YP7RM742;
				GENERATE_INFOPLIST_FILE = YES;
				INFOPLIST_FILE = Clima/Info.plist;
				INFOPLIST_KEY_UIApplicationSupportsIndirectInputEvents = YES;
				INFOPLIST_KEY_UILaunchStoryboardName = LaunchScreen;
				INFOPLIST_KEY_UIMainStoryboardFile = Main;
				INFOPLIST_KEY_UISupportedInterfaceOrientations = UIInterfaceOrientationPortrait;
				INFOPLIST_KEY_UISupportedInterfaceOrientations_iPad = "UIInterfaceOrientationPortrait UIInterfaceOrientationPortraitUpsideDown UIInterfaceOrientationLandscapeLeft UIInterfaceOrientationLandscapeRight";
				INFOPLIST_KEY_UISupportedInterfaceOrientations_iPhone = "UIInterfaceOrientationPortrait UIInterfaceOrientationLandscapeLeft UIInterfaceOrientationLandscapeRight";
				LD_RUNPATH_SEARCH_PATHS = (
					"$(inherited)",
					"@executable_path/Frameworks",
				);
				MARKETING_VERSION = 1.0;
				PRODUCT_BUNDLE_IDENTIFIER = com.eduardmagerusan.Clima;
				PRODUCT_NAME = "$(TARGET_NAME)";
				SWIFT_EMIT_LOC_STRINGS = YES;
				SWIFT_VERSION = 5.0;
				TARGETED_DEVICE_FAMILY = "1,2";
			};
			name = Debug;
		};
		8AA10B9828ABBFA900CDC0BD /* Release */ = {
			isa = XCBuildConfiguration;
			buildSettings = {
				ASSETCATALOG_COMPILER_APPICON_NAME = AppIcon;
				ASSETCATALOG_COMPILER_GLOBAL_ACCENT_COLOR_NAME = AccentColor;
				CODE_SIGN_STYLE = Automatic;
				CURRENT_PROJECT_VERSION = 1;
				DEVELOPMENT_TEAM = 32YP7RM742;
				GENERATE_INFOPLIST_FILE = YES;
				INFOPLIST_FILE = Clima/Info.plist;
				INFOPLIST_KEY_UIApplicationSupportsIndirectInputEvents = YES;
				INFOPLIST_KEY_UILaunchStoryboardName = LaunchScreen;
				INFOPLIST_KEY_UIMainStoryboardFile = Main;
				INFOPLIST_KEY_UISupportedInterfaceOrientations = UIInterfaceOrientationPortrait;
				INFOPLIST_KEY_UISupportedInterfaceOrientations_iPad = "UIInterfaceOrientationPortrait UIInterfaceOrientationPortraitUpsideDown UIInterfaceOrientationLandscapeLeft UIInterfaceOrientationLandscapeRight";
				INFOPLIST_KEY_UISupportedInterfaceOrientations_iPhone = "UIInterfaceOrientationPortrait UIInterfaceOrientationLandscapeLeft UIInterfaceOrientationLandscapeRight";
				LD_RUNPATH_SEARCH_PATHS = (
					"$(inherited)",
					"@executable_path/Frameworks",
				);
				MARKETING_VERSION = 1.0;
				PRODUCT_BUNDLE_IDENTIFIER = com.eduardmagerusan.Clima;
				PRODUCT_NAME = "$(TARGET_NAME)";
				SWIFT_EMIT_LOC_STRINGS = YES;
				SWIFT_VERSION = 5.0;
				TARGETED_DEVICE_FAMILY = "1,2";
			};
			name = Release;
		};
/* End XCBuildConfiguration section */

/* Begin XCConfigurationList section */
		8AA10B7D28ABBFA700CDC0BD /* Build configuration list for PBXProject "Clima" */ = {
			isa = XCConfigurationList;
			buildConfigurations = (
				8AA10B9428ABBFA900CDC0BD /* Debug */,
				8AA10B9528ABBFA900CDC0BD /* Release */,
			);
			defaultConfigurationIsVisible = 0;
			defaultConfigurationName = Release;
		};
		8AA10B9628ABBFA900CDC0BD /* Build configuration list for PBXNativeTarget "Clima" */ = {
			isa = XCConfigurationList;
			buildConfigurations = (
				8AA10B9728ABBFA900CDC0BD /* Debug */,
				8AA10B9828ABBFA900CDC0BD /* Release */,
			);
			defaultConfigurationIsVisible = 0;
			defaultConfigurationName = Release;
		};
/* End XCConfigurationList section */
	};
	rootObject = 8AA10B7A28ABBFA700CDC0BD /* Project object */;
}
